{
  "version": "5",
  "specifiers": {
    "jsr:@cliffy/command@^1.2.1": "1.2.1",
    "jsr:@cliffy/flags@1.2.1": "1.2.1",
    "jsr:@cliffy/internal@1.2.1": "1.2.1",
    "jsr:@cliffy/table@1.2.1": "1.2.1",
    "jsr:@cliffy/table@^1.1.0": "1.2.1",
    "jsr:@cliffy/table@^1.2.1": "1.2.1",
    "jsr:@db/sqlite@*": "0.13.0",
    "jsr:@db/sqlite@0.13": "0.13.0",
    "jsr:@denosaurs/plug@1": "1.1.0",
    "jsr:@std/assert@0.221": "0.221.0",
    "jsr:@std/assert@0.224": "0.224.0",
    "jsr:@std/assert@1": "1.0.19",
    "jsr:@std/assert@^1.0.19": "1.0.19",
    "jsr:@std/bytes@^1.0.6": "1.0.6",
    "jsr:@std/collections@^1.1.3": "1.2.0",
    "jsr:@std/crypto@^1.1.0": "1.1.0",
    "jsr:@std/data-structures@^1.1.0": "1.1.1",
    "jsr:@std/encoding@1": "1.0.10",
    "jsr:@std/encoding@^1.0.10": "1.0.10",
    "jsr:@std/encoding@^1.0.9": "1.0.10",
    "jsr:@std/flags@0.224": "0.224.0",
    "jsr:@std/fmt@1": "1.0.10",
    "jsr:@std/fmt@^1.0.10": "1.0.10",
    "jsr:@std/fs@*": "1.0.24",
    "jsr:@std/fs@0.221": "0.221.0",
    "jsr:@std/fs@1": "1.0.24",
    "jsr:@std/fs@^1.0.23": "1.0.24",
    "jsr:@std/fs@^1.0.24": "1.0.24",
    "jsr:@std/internal@^1.0.12": "1.0.14",
    "jsr:@std/internal@^1.0.14": "1.0.14",
    "jsr:@std/io@~0.225.3": "0.225.3",
    "jsr:@std/path@0.221": "0.221.0",
    "jsr:@std/path@1": "1.1.5",
    "jsr:@std/path@1.0": "1.0.9",
    "jsr:@std/path@^1.1.4": "1.1.5",
    "jsr:@std/path@^1.1.5": "1.1.5",
    "jsr:@std/regexp@*": "1.0.2",
    "jsr:@std/regexp@^1.0.2": "1.0.2",
    "jsr:@std/semver@^1.0.8": "1.0.8",
    "jsr:@std/streams@^1.0.13": "1.1.1",
    "jsr:@std/streams@^1.1.1": "1.1.1",
    "jsr:@std/testing@^1.0.18": "1.0.19",
    "jsr:@std/testing@^1.0.19": "1.0.19",
    "jsr:@std/text@^1.0.19": "1.0.19",
    "jsr:@std/toml@1.0.11": "1.0.11",
    "jsr:@std/toml@^1.0.11": "1.0.11",
    "jsr:@std/toml@^1.0.2": "1.0.11",
    "jsr:@std/yaml@*": "1.1.1",
    "jsr:@std/yaml@1": "1.1.1",
    "jsr:@std/yaml@^1.0.2": "1.1.1",
    "jsr:@std/yaml@^1.1.1": "1.1.1",
    "npm:@babel/parser@7.29.3": "7.29.3",
    "npm:ai-token-estimator@1.7.1": "1.7.1",
    "npm:tree-sitter-go@*": "0.25.0",
    "npm:tree-sitter-go@0.25.0": "0.25.0",
    "npm:tree-sitter-java@*": "0.23.5",
    "npm:tree-sitter-java@0.23.5": "0.23.5",
    "npm:tree-sitter-python@*": "0.25.0",
    "npm:tree-sitter-python@0.25.0": "0.25.0",
    "npm:tree-sitter-rust@0.24.0": "0.24.0",
    "npm:ts-morph@24.0.0": "24.0.0",
    "npm:typescript@6.0.3": "6.0.3",
    "npm:web-tree-sitter@*": "0.26.9",
    "npm:web-tree-sitter@0.26.9": "0.26.9"
  },
  "jsr": {
    "@cliffy/command@1.2.1": {
      "integrity": "b7b017c81560d96580ea810c8564566884d8194416f6fc06bfdc8846e8fd590f",
      "dependencies": [
        "jsr:@cliffy/flags",
        "jsr:@cliffy/internal",
        "jsr:@cliffy/table@1.2.1",
        "jsr:@std/fmt@^1.0.10",
        "jsr:@std/semver",
        "jsr:@std/text"
      ]
    },
    "@cliffy/flags@1.2.1": {
      "integrity": "10034920ef7595db586fecec5a3b10a4ec800c513cbbc368414cd748dac706fb",
      "dependencies": [
        "jsr:@cliffy/internal",
        "jsr:@std/text"
      ]
    },
    "@cliffy/internal@1.2.1": {
      "integrity": "e398f41c6839d3d4d249c963bfcb1058013091425926d53a3cb482b1ca70684b"
    },
    "@cliffy/table@1.2.1": {
      "integrity": "be333e62f2c754f8bf75a38c8177515b152040572c9f75298e9bcef1314b82ff",
      "dependencies": [
        "jsr:@std/fmt@^1.0.10"
      ]
    },
    "@db/sqlite@0.13.0": {
      "integrity": "4545c635e0b3d4ddfdc0f2240f932f24b8ad0178e9c2e3a0f9403e7b18ae2fb5",
      "dependencies": [
        "jsr:@denosaurs/plug",
        "jsr:@std/path@1.0"
      ]
    },
    "@denosaurs/plug@1.1.0": {
      "integrity": "eb2f0b7546c7bca2000d8b0282c54d50d91cf6d75cb26a80df25a6de8c4bc044",
      "dependencies": [
        "jsr:@std/encoding@1",
        "jsr:@std/fmt@1",
        "jsr:@std/fs@1",
        "jsr:@std/path@1"
      ]
    },
    "@std/assert@0.221.0": {
      "integrity": "a5f1aa6e7909dbea271754fd4ab3f4e687aeff4873b4cef9a320af813adb489a"
    },
    "@std/assert@0.224.0": {
      "integrity": "8643233ec7aec38a940a8264a6e3eed9bfa44e7a71cc6b3c8874213ff401967f"
    },
    "@std/assert@1.0.19": {
      "integrity": "eaada96ee120cb980bc47e040f82814d786fe8162ecc53c91d8df60b8755991e",
      "dependencies": [
        "jsr:@std/internal@^1.0.12"
      ]
    },
    "@std/bytes@1.0.6": {
      "integrity": "f6ac6adbd8ccd99314045f5703e23af0a68d7f7e58364b47d2c7f408aeb5820a"
    },
    "@std/collections@1.2.0": {
      "integrity": "47627a21d3a13138b77fd0e4d790ba9d2e603c3510b686cde6b132fe9aa98a88"
    },
    "@std/crypto@1.1.0": {
      "integrity": "b8d6d0a6377a32b213af2661ed7bf1062d94feac0c57def5526a8e74a95c3ec8"
    },
    "@std/data-structures@1.1.1": {
      "integrity": "7e1fcf19771fb9c6dbcd7f65039d6d42ef8dc023cfbc0c4cdc74b24e09229380"
    },
    "@std/encoding@1.0.10": {
      "integrity": "8783c6384a2d13abd5e9e87a7ae0520a30e9f56aeeaa3bdf910a3eaaf5c811a1"
    },
    "@std/flags@0.224.0": {
      "integrity": "d40eaf58c356b2e1313c6d4e62dc28b614aad2ddae6f5ff72a969e0b1f5ad689",
      "dependencies": [
        "jsr:@std/assert@0.224"
      ]
    },
    "@std/fmt@1.0.10": {
      "integrity": "90dfba288802ac6de82fb31d0917eb9e4450b9925b954d5e51fc29ac07419db5"
    },
    "@std/fs@0.221.0": {
      "integrity": "028044450299de8ed5a716ade4e6d524399f035513b85913794f4e81f07da286",
      "dependencies": [
        "jsr:@std/assert@0.221",
        "jsr:@std/path@0.221"
      ]
    },
    "@std/fs@1.0.24": {
      "integrity": "f3061b45b81673a2bece689da041df32d174be064c89eb6397fb5718d3fb7877",
      "dependencies": [
        "jsr:@std/internal@^1.0.14",
        "jsr:@std/path@^1.1.5"
      ]
    },
    "@std/internal@1.0.14": {
      "integrity": "291516b3d4c35024d6ffbc0a9df5bf4c64116e05b50012cf846710152d2ffdf7"
    },
    "@std/io@0.225.3": {
      "integrity": "27b07b591384d12d7b568f39e61dff966b8230559122df1e9fd11cc068f7ddd1",
      "dependencies": [
        "jsr:@std/bytes"
      ]
    },
    "@std/path@0.221.0": {
      "integrity": "0a36f6b17314ef653a3a1649740cc8db51b25a133ecfe838f20b79a56ebe0095",
      "dependencies": [
        "jsr:@std/assert@0.221"
      ]
    },
    "@std/path@1.0.9": {
      "integrity": "260a49f11edd3db93dd38350bf9cd1b4d1366afa98e81b86167b4e3dd750129e"
    },
    "@std/path@1.1.5": {
      "integrity": "ccea00982ea28c36becaf6e62f855406c76a8c32d462f66f415bbb7d83a271bc",
      "dependencies": [
        "jsr:@std/internal@^1.0.14"
      ]
    },
    "@std/regexp@1.0.2": {
      "integrity": "7493d47c077cfdb023e41a0b44fd608d87fe5b36fc3dc614261afc0f1452aabf"
    },
    "@std/semver@1.0.8": {
      "integrity": "dc830e8b8b6a380c895d53fbfd1258dc253704ca57bbe1629ac65fd7830179b7"
    },
    "@std/streams@1.1.1": {
      "integrity": "92556d350e537e9dce527a6d08f6f15be3ff65e656079dea69d15252187c7613",
      "dependencies": [
        "jsr:@std/bytes"
      ]
    },
    "@std/testing@1.0.19": {
      "integrity": "f4236172365b216728dc3cc8b5e80a9f4c33083d1e4ede7613d5b25b4014898e",
      "dependencies": [
        "jsr:@std/assert@^1.0.19",
        "jsr:@std/data-structures",
        "jsr:@std/fs@^1.0.24",
        "jsr:@std/internal@^1.0.14",
        "jsr:@std/path@^1.1.5"
      ]
    },
    "@std/text@1.0.19": {
      "integrity": "003a0e032d360e8c3a4e0410fb792c77a66bd6553fee9d60c6ec1bce30d29223",
      "dependencies": [
        "jsr:@std/regexp@^1.0.2"
      ]
    },
    "@std/toml@1.0.11": {
      "integrity": "e084988b872ca4bad6aedfb7350f6eeed0e8ba88e9ee5e1590621c5b5bb8f715",
      "dependencies": [
        "jsr:@std/collections"
      ]
    },
    "@std/yaml@1.1.1": {
      "integrity": "a57665ecf3d17b926380593a56625d8a10cc7281802f1e993b5ebc94a48e71f8"
    }
  },
  "npm": {
    "@babel/helper-string-parser@7.27.1": {
      "integrity": "sha512-qMlSxKbpRlAridDExk92nSobyDdpPijUq2DW6oDnUqd0iOGxmQjyqhMIihI9+zv4LPyZdRje2cavWPbCbWm3eA=="
    },
    "@babel/helper-validator-identifier@7.28.5": {
      "integrity": "sha512-qSs4ifwzKJSV39ucNjsvc6WVHs6b7S03sOh2OcHF9UHfVPqWWALUsNUVzhSBiItjRZoLHx7nIarVjqKVusUZ1Q=="
    },
    "@babel/parser@7.29.3": {
      "integrity": "sha512-b3ctpQwp+PROvU/cttc4OYl4MzfJUWy6FZg+PMXfzmt/+39iHVF0sDfqay8TQM3JA2EUOyKcFZt75jWriQijsA==",
      "dependencies": [
        "@babel/types"
      ],
      "bin": true
    },
    "@babel/types@7.29.0": {
      "integrity": "sha512-LwdZHpScM4Qz8Xw2iKSzS+cfglZzJGvofQICy7W7v4caru4EaAmyUuO6BGrbyQ2mYV11W0U8j5mBhd14dd3B0A==",
      "dependencies": [
        "@babel/helper-string-parser",
        "@babel/helper-validator-identifier"
      ]
    },
    "@ts-morph/common@0.25.0": {
      "integrity": "sha512-kMnZz+vGGHi4GoHnLmMhGNjm44kGtKUXGnOvrKmMwAuvNjM/PgKVGfUnL7IDvK7Jb2QQ82jq3Zmp04Gy+r3Dkg==",
      "dependencies": [
        "minimatch",
        "path-browserify",
        "tinyglobby"
      ]
    },
    "ai-token-estimator@1.7.1": {
      "integrity": "sha512-4li0kKJNgC9+DUdX5b4RCQQ+KXm46r9IK9Ya8NoLRzbiKpz996dOHwJMwuLb9rXu1zBXIEoawtS8u45We4zg3w=="
    },
    "balanced-match@1.0.2": {
      "integrity": "sha512-3oSeUO0TMV67hN1AmbXsK4yaqU7tjiHlbxRDZOpH0KW9+CeX4bRAaX0Anxt0tx2MrpRpWwQaPwIlISEJhYU5Pw=="
    },
    "brace-expansion@2.1.2": {
      "integrity": "sha512-w5JZcKgdhDOgOwm8H+KgbosopHMuGcl6qbulwjtz3SM7I7P3yW1eAjzMPLrIE+NQ9vjgANKHWeMHnrT0OXW1oA==",
      "dependencies": [
        "balanced-match"
      ]
    },
    "code-block-writer@13.0.3": {
      "integrity": "sha512-Oofo0pq3IKnsFtuHqSF7TqBfr71aeyZDVJ0HpmqB7FBM2qEigL0iPONSCZSO9pE9dZTAxANe5XHG9Uy0YMv8cg=="
    },
    "fdir@6.5.0_picomatch@4.0.5": {
      "integrity": "sha512-tIbYtZbucOs0BRGqPJkshJUYdL+SDH7dVM8gjy+ERp3WAUjLEFJE+02kanyHtwjWOnwrKYBiwAmM0p4kLJAnXg==",
      "dependencies": [
        "picomatch"
      ],
      "optionalPeers": [
        "picomatch"
      ]
    },
    "minimatch@9.0.9": {
      "integrity": "sha512-OBwBN9AL4dqmETlpS2zasx+vTeWclWzkblfZk7KTA5j3jeOONz/tRCnZomUyvNg83wL5Zv9Ss6HMJXAgL8R2Yg==",
      "dependencies": [
        "brace-expansion"
      ]
    },
    "node-addon-api@8.8.0": {
      "integrity": "sha512-c5Ko1fZJIJmzhFIkhRN76WTq+fC6tWnGy9CXA0fA+XygsWZmEwG8vmbkNqxMyoaa0Tin4djul49NzdVcJJcjeA=="
    },
    "node-gyp-build@4.8.4": {
      "integrity": "sha512-LA4ZjwlnUblHVgq0oBF3Jl/6h/Nvs5fzBLwdEF4nuxnFdsfajde4WfxtJr3CaiH+F6ewcIB/q4jQ4UzPyid+CQ==",
      "bin": true
    },
    "path-browserify@1.0.1": {
      "integrity": "sha512-b7uo2UCUOYZcnF/3ID0lulOJi/bafxa1xPe7ZPsammBSpjSWQkjNxlt635YGS2MiR9GjvuXCtz2emr3jbsz98g=="
    },
    "picomatch@4.0.5": {
      "integrity": "sha512-RvwwcruNjI1ncT5xRakeyS9Lf8lcItv34KD+aif+VH9kduAyfYBipGh12274xtenIPZ119/R9BdTBa8gAwSh0A=="
    },
    "tinyglobby@0.2.17": {
      "integrity": "sha512-wXR/dYpcqKmfWpEdZjiKJOwCNFndD0DMnrW/cYjVGttEkBfVgcLFHoNrlj47mjOVic9yyNu65alsgF4NQyTa2g==",
      "dependencies": [
        "fdir",
        "picomatch"
      ]
    },
    "tree-sitter-go@0.25.0": {
      "integrity": "sha512-APBc/Dq3xz/e35Xpkhb1blu5UgW+2E3RyGWawZSCNcbGwa7jhSQPS8KsUupuzBla8PCo8+lz9W/JDJjmfRa2tw==",
      "dependencies": [
        "node-addon-api",
        "node-gyp-build"
      ],
      "scripts": true
    },
    "tree-sitter-java@0.23.5": {
      "integrity": "sha512-Yju7oQ0Xx7GcUT01mUglPP+bYfvqjNCGdxqigTnew9nLGoII42PNVP3bHrYeMxswiCRM0yubWmN5qk+zsg0zMA==",
      "dependencies": [
        "node-addon-api",
        "node-gyp-build"
      ],
      "scripts": true
    },
    "tree-sitter-python@0.25.0": {
      "integrity": "sha512-eCmJx6zQa35GxaCtQD+wXHOhYqBxEL+bp71W/s3fcDMu06MrtzkVXR437dRrCrbrDbyLuUDJpAgycs7ncngLXw==",
      "dependencies": [
        "node-addon-api",
        "node-gyp-build"
      ],
      "scripts": true
    },
    "tree-sitter-rust@0.24.0": {
      "integrity": "sha512-NWemUDf629Tfc90Y0Z55zuwPCAHkLxWnMf2RznYu4iBkkrQl2o/CHGB7Cr52TyN5F1DAx8FmUnDtCy9iUkXZEQ==",
      "dependencies": [
        "node-addon-api",
        "node-gyp-build"
      ],
      "scripts": true
    },
    "ts-morph@24.0.0": {
      "integrity": "sha512-2OAOg/Ob5yx9Et7ZX4CvTCc0UFoZHwLEJ+dpDPSUi5TgwwlTlX47w+iFRrEwzUZwYACjq83cgjS/Da50Ga37uw==",
      "dependencies": [
        "@ts-morph/common",
        "code-block-writer"
      ]
    },
    "typescript@6.0.3": {
      "integrity": "sha512-y2TvuxSZPDyQakkFRPZHKFm+KKVqIisdg9/CZwm9ftvKXLP8NRWj38/ODjNbr43SsoXqNuAisEf1GdCxqWcdBw==",
      "bin": true
    },
    "web-tree-sitter@0.26.9": {
      "integrity": "sha512-YJwSHANl6XFgeEjB8nitgj0qZYt5gkIesJ4w2srS2wcLB4GUa4xcOkM0YaMsU6WNR53YVIkDSY7Ej4pf3IXtCA=="
    }
  },
  "remote": {
    "https://deno.land/x/zod@v3.22.4/ZodError.ts": "4de18ff525e75a0315f2c12066b77b5c2ae18c7c15ef7df7e165d63536fdf2ea",
    "https://deno.land/x/zod@v3.22.4/errors.ts": "5285922d2be9700cc0c70c95e4858952b07ae193aa0224be3cbd5cd5567eabef",
    "https://deno.land/x/zod@v3.22.4/external.ts": "a6cfbd61e9e097d5f42f8a7ed6f92f93f51ff927d29c9fbaec04f03cbce130fe",
    "https://deno.land/x/zod@v3.22.4/helpers/enumUtil.ts": "54efc393cc9860e687d8b81ff52e980def00fa67377ad0bf8b3104f8a5bf698c",
    "https://deno.land/x/zod@v3.22.4/helpers/errorUtil.ts": "7a77328240be7b847af6de9189963bd9f79cab32bbc61502a9db4fe6683e2ea7",
    "https://deno.land/x/zod@v3.22.4/helpers/parseUtil.ts": "f791e6e65a0340d85ad37d26cd7a3ba67126cd9957eac2b7163162155283abb1",
    "https://deno.land/x/zod@v3.22.4/helpers/partialUtil.ts": "998c2fe79795257d4d1cf10361e74492f3b7d852f61057c7c08ac0a46488b7e7",
    "https://deno.land/x/zod@v3.22.4/helpers/typeAliases.ts": "0fda31a063c6736fc3cf9090dd94865c811dfff4f3cb8707b932bf937c6f2c3e",
    "https://deno.land/x/zod@v3.22.4/helpers/util.ts": "8baf19b19b2fca8424380367b90364b32503b6b71780269a6e3e67700bb02774",
    "https://deno.land/x/zod@v3.22.4/index.ts": "d27aabd973613985574bc31f39e45cb5d856aa122ef094a9f38a463b8ef1a268",
    "https://deno.land/x/zod@v3.22.4/locales/en.ts": "a7a25cd23563ccb5e0eed214d9b31846305ddbcdb9c5c8f508b108943366ab4c",
    "https://deno.land/x/zod@v3.22.4/mod.ts": "64e55237cb4410e17d968cd08975566059f27638ebb0b86048031b987ba251c4",
    "https://deno.land/x/zod@v3.22.4/types.ts": "724185522fafe43ee56a52333958764c8c8cd6ad4effa27b42651df873fc151e"
  },
  "workspace": {
    "dependencies": [
      "jsr:@cliffy/command@^1.2.1",
      "jsr:@cliffy/table@^1.2.1",
      "jsr:@db/sqlite@0.13",
      "jsr:@std/assert@^1.0.19",
      "jsr:@std/crypto@^1.1.0",
      "jsr:@std/encoding@^1.0.10",
      "jsr:@std/flags@0.224",
      "jsr:@std/fmt@^1.0.10",
      "jsr:@std/fs@^1.0.24",
      "jsr:@std/io@~0.225.3",
      "jsr:@std/path@^1.1.5",
      "jsr:@std/streams@^1.1.1",
      "jsr:@std/testing@^1.0.19",
      "jsr:@std/text@^1.0.19",
      "jsr:@std/toml@^1.0.11",
      "jsr:@std/yaml@^1.1.1",
      "npm:@babel/parser@7.29.3",
      "npm:tree-sitter-go@0.25.0",
      "npm:tree-sitter-java@0.23.5",
      "npm:tree-sitter-python@0.25.0",
      "npm:tree-sitter-rust@0.24.0",
      "npm:typescript@6.0.3",
      "npm:web-tree-sitter@0.26.9"
    ],
    "members": {
      "packages-team/ai-vertex": {
        "dependencies": [
          "jsr:@std/assert@^1.0.19"
        ]
      },
      "packages-team/model-registry-live": {
        "dependencies": [
          "jsr:@std/assert@^1.0.19"
        ]
      },
      "packages/ai": {
        "dependencies": [
          "jsr:@std/assert@^1.0.19",
          "jsr:@std/testing@^1.0.18"
        ]
      },
      "packages/ai-anthropic": {
        "dependencies": [
          "jsr:@std/assert@^1.0.19"
        ]
      },
      "packages/ai-clidelegate": {
        "dependencies": [
          "jsr:@std/assert@^1.0.19",
          "jsr:@std/path@^1.1.4"
        ]
      },
      "packages/ai-google": {
        "dependencies": [
          "jsr:@std/assert@^1.0.19"
        ]
      },
      "packages/ai-ollama": {
        "dependencies": [
          "jsr:@std/assert@^1.0.19"
        ]
      },
      "packages/ai-openai": {
        "dependencies": [
          "jsr:@std/assert@^1.0.19"
        ]
      },
      "packages/ai-openrouter": {
        "dependencies": [
          "jsr:@std/assert@^1.0.19"
        ]
      },
      "packages/cli": {
        "dependencies": [
          "jsr:@cliffy/table@^1.1.0",
          "jsr:@std/fmt@^1.0.10"
        ]
      },
      "packages/core": {
        "dependencies": [
          "jsr:@db/sqlite@0.13",
          "jsr:@std/assert@^1.0.19",
          "jsr:@std/crypto@^1.1.0",
          "jsr:@std/encoding@^1.0.10",
          "jsr:@std/fs@^1.0.23",
          "jsr:@std/path@^1.1.4",
          "jsr:@std/testing@^1.0.18",
          "jsr:@std/toml@^1.0.11",
          "npm:ai-token-estimator@1.7.1"
        ]
      },
      "packages/eval-history": {
        "dependencies": [
          "jsr:@db/sqlite@0.13",
          "jsr:@std/path@^1.1.4"
        ]
      },
      "packages/execution": {
        "dependencies": [
          "jsr:@std/assert@^1.0.19",
          "jsr:@std/fs@^1.0.23",
          "jsr:@std/path@^1.1.4",
          "jsr:@std/streams@^1.0.13",
          "jsr:@std/toml@^1.0.2",
          "jsr:@std/yaml@^1.0.2"
        ]
      },
      "packages/flow": {
        "dependencies": [
          "jsr:@std/assert@^1.0.19",
          "jsr:@std/encoding@^1.0.9",
          "jsr:@std/fs@^1.0.23",
          "jsr:@std/path@^1.1.4",
          "jsr:@std/testing@^1.0.18"
        ]
      },
      "packages/git": {
        "dependencies": [
          "jsr:@std/assert@^1.0.19",
          "jsr:@std/fs@^1.0.23",
          "jsr:@std/path@^1.1.4",
          "jsr:@std/testing@^1.0.18"
        ]
      },
      "packages/memory": {
        "dependencies": [
          "jsr:@std/assert@^1.0.19",
          "jsr:@std/fs@^1.0.23",
          "jsr:@std/path@^1.1.4",
          "jsr:@std/testing@^1.0.18"
        ]
      },
      "packages/model-registry": {
        "dependencies": [
          "jsr:@std/assert@^1.0.19",
          "jsr:@std/testing@^1.0.18"
        ]
      },
      "packages/portal": {
        "dependencies": [
          "jsr:@std/fs@^1.0.23",
          "jsr:@std/path@^1.1.4"
        ]
      },
      "packages/quality-gate": {
        "dependencies": [
          "jsr:@std/assert@^1.0.19",
          "jsr:@std/path@^1.1.4",
          "jsr:@std/testing@^1.0.18"
        ]
      },
      "packages/request": {
        "dependencies": [
          "jsr:@std/assert@^1.0.19",
          "jsr:@std/fs@^1.0.23",
          "jsr:@std/path@^1.1.4",
          "jsr:@std/yaml@^1.0.2"
        ]
      },
      "packages/routing": {
        "dependencies": [
          "jsr:@std/assert@^1.0.19",
          "jsr:@std/path@^1.1.4",
          "jsr:@std/testing@^1.0.18",
          "jsr:@std/yaml@^1.0.2"
        ]
      },
      "packages/session": {
        "dependencies": [
          "jsr:@std/assert@^1.0.19",
          "jsr:@std/path@^1.1.4"
        ]
      },
      "packages/storage-sqlite": {
        "dependencies": [
          "jsr:@db/sqlite@0.13",
          "jsr:@std/fs@^1.0.23",
          "jsr:@std/path@^1.1.4"
        ]
      },
      "packages/testing": {
        "dependencies": [
          "jsr:@std/assert@^1.0.19"
        ]
      },
      "packages/tool-runtime": {
        "dependencies": [
          "jsr:@std/assert@^1.0.19",
          "jsr:@std/fs@^1.0.23",
          "jsr:@std/path@^1.1.4",
          "jsr:@std/streams@^1.0.13",
          "jsr:@std/testing@^1.0.18"
        ]
      },
      "packages/triggers": {
        "dependencies": [
          "jsr:@std/assert@^1.0.19",
          "jsr:@std/fs@^1.0.23",
          "jsr:@std/path@^1.1.4"
        ]
      }
    },
    "links": {
      "jsr:@exaix-team/guardrail@0.1.0": {},
      "jsr:@exaix-team/hitl@0.1.0": {},
      "jsr:@exaix-team/portal-extractors@0.1.0": {},
      "jsr:@exaix-team/voting@0.1.0": {}
    }
  }
}
